
Microsoft Visual Studio Solution File, Format Version 12.00
# Visual Studio Version 16
VisualStudioVersion = 16.0.32228.343
MinimumVisualStudioVersion = 10.0.40219.1
Project("{FAE04EC0-301F-11D3-BF4B-00C04F79EFBC}") = "Extention - Power Numbers", "Extention - Power Numbers\Extention - Power Numbers.csproj", "{43F64FD9-96D2-4D19-B2DB-55AF45102141}"
EndProject
Global
	GlobalSection(SolutionConfigurationPlatforms) = preSolution
		Debug|Any CPU = Debug|Any CPU
		Release|Any CPU = Release|Any CPU
	EndGlobalSection
	GlobalSection(ProjectConfigurationPlatforms) = postSolution
		{43F64FD9-96D2-4D19-B2DB-55AF45102141}.Debug|Any CPU.ActiveCfg = Debug|Any CPU
		{43F64FD9-96D2-4D19-B2DB-55AF45102141}.Debug|Any CPU.Build.0 = Debug|Any CPU
		{43F64FD9-96D2-4D19-B2DB-55AF45102141}.Release|Any CPU.ActiveCfg = Release|Any CPU
		{43F64FD9-96D2-4D19-B2DB-55AF45102141}.Release|Any CPU.Build.0 = Release|Any CPU
	EndGlobalSection
	GlobalSection(SolutionProperties) = preSolution
		HideSolutionNode = FALSE
	EndGlobalSection
	GlobalSection(ExtensibilityGlobals) = postSolution
		SolutionGuid = {60845E58-9130-4224-BE1A-FAE6CD033713}
	EndGlobalSection
EndGlobal
